
Microsoft Visual Studio Solution File, Format Version 12.00
# Visual Studio Version 17
VisualStudioVersion = 17.5.33516.290
MinimumVisualStudioVersion = 10.0.40219.1
Project("{8BC9CEB8-8B4A-11D0-8D11-00A0C91BC942}") = "计算器(plus)", "计算器(plus)\计算器(plus).vcxproj", "{E144D3D8-07C0-4FD2-A6D9-4AF744B3844F}"
EndProject
Global
	GlobalSection(SolutionConfigurationPlatforms) = preSolution
		Debug|x64 = Debug|x64
		Debug|x86 = Debug|x86
		Release|x64 = Release|x64
		Release|x86 = Release|x86
	EndGlobalSection
	GlobalSection(ProjectConfigurationPlatforms) = postSolution
		{E144D3D8-07C0-4FD2-A6D9-4AF744B3844F}.Debug|x64.ActiveCfg = Debug|x64
		{E144D3D8-07C0-4FD2-A6D9-4AF744B3844F}.Debug|x64.Build.0 = Debug|x64
		{E144D3D8-07C0-4FD2-A6D9-4AF744B3844F}.Debug|x86.ActiveCfg = Debug|Win32
		{E144D3D8-07C0-4FD2-A6D9-4AF744B3844F}.Debug|x86.Build.0 = Debug|Win32
		{E144D3D8-07C0-4FD2-A6D9-4AF744B3844F}.Release|x64.ActiveCfg = Release|x64
		{E144D3D8-07C0-4FD2-A6D9-4AF744B3844F}.Release|x64.Build.0 = Release|x64
		{E144D3D8-07C0-4FD2-A6D9-4AF744B3844F}.Release|x86.ActiveCfg = Release|Win32
		{E144D3D8-07C0-4FD2-A6D9-4AF744B3844F}.Release|x86.Build.0 = Release|Win32
	EndGlobalSection
	GlobalSection(SolutionProperties) = preSolution
		HideSolutionNode = FALSE
	EndGlobalSection
	GlobalSection(ExtensibilityGlobals) = postSolution
		SolutionGuid = {01C23D64-A8D5-4183-95E6-5FB281541700}
	EndGlobalSection
EndGlobal
